
Microsoft Visual Studio Solution File, Format Version 12.00
# Visual Studio Version 16
VisualStudioVersion = 16.0.31025.194
MinimumVisualStudioVersion = 10.0.40219.1
Project("{FAE04EC0-301F-11D3-BF4B-00C04F79EFBC}") = "ConsoleRPGv1", "ConsoleRPGv1\ConsoleRPGv1.csproj", "{48FF844D-6B2C-43E6-AAF1-19B62AD3CFD0}"
EndProject
Global
	GlobalSection(SolutionConfigurationPlatforms) = preSolution
		Debug|Any CPU = Debug|Any CPU
		Release|Any CPU = Release|Any CPU
	EndGlobalSection
	GlobalSection(ProjectConfigurationPlatforms) = postSolution
		{48FF844D-6B2C-43E6-AAF1-19B62AD3CFD0}.Debug|Any CPU.ActiveCfg = Debug|Any CPU
		{48FF844D-6B2C-43E6-AAF1-19B62AD3CFD0}.Debug|Any CPU.Build.0 = Debug|Any CPU
		{48FF844D-6B2C-43E6-AAF1-19B62AD3CFD0}.Release|Any CPU.ActiveCfg = Release|Any CPU
		{48FF844D-6B2C-43E6-AAF1-19B62AD3CFD0}.Release|Any CPU.Build.0 = Release|Any CPU
	EndGlobalSection
	GlobalSection(SolutionProperties) = preSolution
		HideSolutionNode = FALSE
	EndGlobalSection
	GlobalSection(ExtensibilityGlobals) = postSolution
		SolutionGuid = {3AEC7074-ED12-47C4-9A53-EEC54FA39EC9}
	EndGlobalSection
EndGlobal
